
Microsoft Visual Studio Solution File, Format Version 12.00
# Visual Studio Version 17
VisualStudioVersion = 17.0.32112.339
MinimumVisualStudioVersion = 10.0.40219.1
Project("{9A19103F-16F7-4668-BE54-9A1E7A4F7556}") = "ProCodeGuide.Samples.FeatureFlagsDemo", "ProCodeGuide.Samples.FeatureFlagsDemo\ProCodeGuide.Samples.FeatureFlagsDemo.csproj", "{80315EFD-4FA4-46FA-897A-8650FBF63F4D}"
EndProject
Global
	GlobalSection(SolutionConfigurationPlatforms) = preSolution
		Debug|Any CPU = Debug|Any CPU
		Release|Any CPU = Release|Any CPU
	EndGlobalSection
	GlobalSection(ProjectConfigurationPlatforms) = postSolution
		{80315EFD-4FA4-46FA-897A-8650FBF63F4D}.Debug|Any CPU.ActiveCfg = Debug|Any CPU
		{80315EFD-4FA4-46FA-897A-8650FBF63F4D}.Debug|Any CPU.Build.0 = Debug|Any CPU
		{80315EFD-4FA4-46FA-897A-8650FBF63F4D}.Release|Any CPU.ActiveCfg = Release|Any CPU
		{80315EFD-4FA4-46FA-897A-8650FBF63F4D}.Release|Any CPU.Build.0 = Release|Any CPU
	EndGlobalSection
	GlobalSection(SolutionProperties) = preSolution
		HideSolutionNode = FALSE
	EndGlobalSection
	GlobalSection(ExtensibilityGlobals) = postSolution
		SolutionGuid = {F7391B43-B94B-4252-A1B1-DD8F4E5EC148}
	EndGlobalSection
EndGlobal
